
Microsoft Visual Studio Solution File, Format Version 12.00
# Visual Studio Version 17
VisualStudioVersion = 17.2.32630.192
MinimumVisualStudioVersion = 10.0.40219.1
Project("{FAE04EC0-301F-11D3-BF4B-00C04F79EFBC}") = "DiceStats.Android", "DiceStats\DiceStats.Android\DiceStats.Android.csproj", "{C10FDF04-3DEB-4EFA-A0B8-4D0665BB8A7B}"
EndProject
Project("{FAE04EC0-301F-11D3-BF4B-00C04F79EFBC}") = "DiceStats", "DiceStats\DiceStats\DiceStats.csproj", "{6F17C737-5727-46EF-ABD1-5D848DA69369}"
EndProject
Global
	GlobalSection(SolutionConfigurationPlatforms) = preSolution
		Debug|Any CPU = Debug|Any CPU
		Release|Any CPU = Release|Any CPU
	EndGlobalSection
	GlobalSection(ProjectConfigurationPlatforms) = postSolution
		{C10FDF04-3DEB-4EFA-A0B8-4D0665BB8A7B}.Debug|Any CPU.ActiveCfg = Debug|Any CPU
		{C10FDF04-3DEB-4EFA-A0B8-4D0665BB8A7B}.Debug|Any CPU.Build.0 = Debug|Any CPU
		{C10FDF04-3DEB-4EFA-A0B8-4D0665BB8A7B}.Debug|Any CPU.Deploy.0 = Debug|Any CPU
		{C10FDF04-3DEB-4EFA-A0B8-4D0665BB8A7B}.Release|Any CPU.ActiveCfg = Release|Any CPU
		{C10FDF04-3DEB-4EFA-A0B8-4D0665BB8A7B}.Release|Any CPU.Build.0 = Release|Any CPU
		{C10FDF04-3DEB-4EFA-A0B8-4D0665BB8A7B}.Release|Any CPU.Deploy.0 = Release|Any CPU
		{6F17C737-5727-46EF-ABD1-5D848DA69369}.Debug|Any CPU.ActiveCfg = Debug|Any CPU
		{6F17C737-5727-46EF-ABD1-5D848DA69369}.Debug|Any CPU.Build.0 = Debug|Any CPU
		{6F17C737-5727-46EF-ABD1-5D848DA69369}.Debug|Any CPU.Deploy.0 = Debug|Any CPU
		{6F17C737-5727-46EF-ABD1-5D848DA69369}.Release|Any CPU.ActiveCfg = Release|Any CPU
		{6F17C737-5727-46EF-ABD1-5D848DA69369}.Release|Any CPU.Build.0 = Release|Any CPU
		{6F17C737-5727-46EF-ABD1-5D848DA69369}.Release|Any CPU.Deploy.0 = Release|Any CPU
	EndGlobalSection
	GlobalSection(SolutionProperties) = preSolution
		HideSolutionNode = FALSE
	EndGlobalSection
	GlobalSection(ExtensibilityGlobals) = postSolution
		SolutionGuid = {9AFEFA0E-985B-434E-B19F-170FF155042F}
	EndGlobalSection
EndGlobal
